PODS:
  - Expecta (0.3.2)
  - Expecta+Snapshots (1.3.2):
    - Expecta (~> 0.3)
    - FBSnapshotTestCase (= 1.6)
  - FBSnapshotTestCase (1.6)
  - SmartAdLib (0.1.0)
  - Specta (0.5.0)

DEPENDENCIES:
  - Expecta
  - Expecta+Snapshots
  - FBSnapshotTestCase
  - SmartAdLib (from `../`)
  - Specta

EXTERNAL SOURCES:
  SmartAdLib:
    :path: "../"

SPEC CHECKSUMS:
  Expecta: 8c507baf13211207b1e9d0a741480600e6b4ed15
  Expecta+Snapshots: 40c5ec43b43da3bae957f14fed5dc9177d08ec8b
  FBSnapshotTestCase: 9d5fe43b29ae3a0ed8fc829477971b281038f748
  SmartAdLib: f0d8905c3cc27d59bfa6cd42e1b961c1d27b4ea5
  Specta: eb90708ed77569bbda089f8ead10bb99b8e9489e

COCOAPODS: 0.36.3
